
Microsoft Visual Studio Solution File, Format Version 12.00
# Visual Studio Version 16
VisualStudioVersion = 16.0.30320.27
MinimumVisualStudioVersion = 10.0.40219.1
Project("{9A19103F-16F7-4668-BE54-9A1E7A4F7556}") = "ComparisonShoppingEngine", "ComparisonShoppingEngine\ComparisonShoppingEngine.csproj", "{BA150A18-84C7-48A5-9366-0E7AAFDDFA61}"
EndProject
Project("{FAE04EC0-301F-11D3-BF4B-00C04F79EFBC}") = "CSE.BL", "CSE.BL\CSE.BL.csproj", "{F1C31933-C332-447A-B7C1-337A7D580C94}"
EndProject
Global
	GlobalSection(SolutionConfigurationPlatforms) = preSolution
		Debug|Any CPU = Debug|Any CPU
		Release|Any CPU = Release|Any CPU
	EndGlobalSection
	GlobalSection(ProjectConfigurationPlatforms) = postSolution
		{BA150A18-84C7-48A5-9366-0E7AAFDDFA61}.Debug|Any CPU.ActiveCfg = Debug|Any CPU
		{BA150A18-84C7-48A5-9366-0E7AAFDDFA61}.Debug|Any CPU.Build.0 = Debug|Any CPU
		{BA150A18-84C7-48A5-9366-0E7AAFDDFA61}.Release|Any CPU.ActiveCfg = Release|Any CPU
		{BA150A18-84C7-48A5-9366-0E7AAFDDFA61}.Release|Any CPU.Build.0 = Release|Any CPU
		{F1C31933-C332-447A-B7C1-337A7D580C94}.Debug|Any CPU.ActiveCfg = Debug|Any CPU
		{F1C31933-C332-447A-B7C1-337A7D580C94}.Debug|Any CPU.Build.0 = Debug|Any CPU
		{F1C31933-C332-447A-B7C1-337A7D580C94}.Release|Any CPU.ActiveCfg = Release|Any CPU
		{F1C31933-C332-447A-B7C1-337A7D580C94}.Release|Any CPU.Build.0 = Release|Any CPU
	EndGlobalSection
	GlobalSection(SolutionProperties) = preSolution
		HideSolutionNode = FALSE
	EndGlobalSection
	GlobalSection(ExtensibilityGlobals) = postSolution
		SolutionGuid = {C0D4A75A-3D14-49ED-94BC-CB5FB6A48A97}
	EndGlobalSection
EndGlobal
